PODS:
  - boost (1.76.0)
  - DoubleConversion (1.1.6)
  - FBLazyVector (0.71.3)
  - FBReactNativeSpec (0.71.3):
    - RCT-Folly (= 2021.07.22.00)
    - RCTRequired (= 0.71.3)
    - RCTTypeSafety (= 0.71.3)
    - React-Core (= 0.71.3)
    - React-jsi (= 0.71.3)
    - ReactCommon/turbomodule/core (= 0.71.3)
  - fmt (6.2.1)
  - glog (0.3.5)
  - RCT-Folly (2021.07.22.00):
    - boost
    - DoubleConversion
    - fmt (~> 6.2.1)
    - glog
    - RCT-Folly/Default (= 2021.07.22.00)
  - RCT-Folly/Default (2021.07.22.00):
    - boost
    - DoubleConversion
    - fmt (~> 6.2.1)
    - glog
  - RCTRequired (0.71.3)
  - RCTTypeSafety (0.71.3):
    - FBLazyVector (= 0.71.3)
    - RCTRequired (= 0.71.3)
    - React-Core (= 0.71.3)
  - React (0.71.3):
    - React-Core (= 0.71.3)
    - React-Core/DevSupport (= 0.71.3)
    - React-Core/RCTWebSocket (= 0.71.3)
    - React-RCTActionSheet (= 0.71.3)
    - React-RCTAnimation (= 0.71.3)
    - React-RCTBlob (= 0.71.3)
    - React-RCTImage (= 0.71.3)
    - React-RCTLinking (= 0.71.3)
    - React-RCTNetwork (= 0.71.3)
    - React-RCTSettings (= 0.71.3)
    - React-RCTText (= 0.71.3)
    - React-RCTVibration (= 0.71.3)
  - React-callinvoker (0.71.3)
  - React-Codegen (0.71.3):
    - FBReactNativeSpec
    - RCT-Folly
    - RCTRequired
    - RCTTypeSafety
    - React-Core
    - React-jsc
    - React-jsi
    - React-jsiexecutor
    - ReactCommon/turbomodule/bridging
    - ReactCommon/turbomodule/core
  - React-Core (0.71.3):
    - glog
    - RCT-Folly (= 2021.07.22.00)
    - React-Core/Default (= 0.71.3)
    - React-cxxreact (= 0.71.3)
    - React-jsc
    - React-jsi (= 0.71.3)
    - React-jsiexecutor (= 0.71.3)
    - React-perflogger (= 0.71.3)
    - SocketRocket (= 0.6.0)
    - Yoga
  - React-Core/CoreModulesHeaders (0.71.3):
    - glog
    - RCT-Folly (= 2021.07.22.00)
    - React-Core/Default
    - React-cxxreact (= 0.71.3)
    - React-jsc
    - React-jsi (= 0.71.3)
    - React-jsiexecutor (= 0.71.3)
    - React-perflogger (= 0.71.3)
    - SocketRocket (= 0.6.0)
    - Yoga
  - React-Core/Default (0.71.3):
    - glog
    - RCT-Folly (= 2021.07.22.00)
    - React-cxxreact (= 0.71.3)
    - React-jsc
    - React-jsi (= 0.71.3)
    - React-jsiexecutor (= 0.71.3)
    - React-perflogger (= 0.71.3)
    - SocketRocket (= 0.6.0)
    - Yoga
  - React-Core/DevSupport (0.71.3):
    - glog
    - RCT-Folly (= 2021.07.22.00)
    - React-Core/Default (= 0.71.3)
    - React-Core/RCTWebSocket (= 0.71.3)
    - React-cxxreact (= 0.71.3)
    - React-jsc
    - React-jsi (= 0.71.3)
    - React-jsiexecutor (= 0.71.3)
    - React-jsinspector (= 0.71.3)
    - React-perflogger (= 0.71.3)
    - SocketRocket (= 0.6.0)
    - Yoga
  - React-Core/RCTActionSheetHeaders (0.71.3):
    - glog
    - RCT-Folly (= 2021.07.22.00)
    - React-Core/Default
    - React-cxxreact (= 0.71.3)
    - React-jsc
    - React-jsi (= 0.71.3)
    - React-jsiexecutor (= 0.71.3)
    - React-perflogger (= 0.71.3)
    - SocketRocket (= 0.6.0)
    - Yoga
  - React-Core/RCTAnimationHeaders (0.71.3):
    - glog
    - RCT-Folly (= 2021.07.22.00)
    - React-Core/Default
    - React-cxxreact (= 0.71.3)
    - React-jsc
    - React-jsi (= 0.71.3)
    - React-jsiexecutor (= 0.71.3)
    - React-perflogger (= 0.71.3)
    - SocketRocket (= 0.6.0)
    - Yoga
  - React-Core/RCTBlobHeaders (0.71.3):
    - glog
    - RCT-Folly (= 2021.07.22.00)
    - React-Core/Default
    - React-cxxreact (= 0.71.3)
    - React-jsc
    - React-jsi (= 0.71.3)
    - React-jsiexecutor (= 0.71.3)
    - React-perflogger (= 0.71.3)
    - SocketRocket (= 0.6.0)
    - Yoga
  - React-Core/RCTImageHeaders (0.71.3):
    - glog
    - RCT-Folly (= 2021.07.22.00)
    - React-Core/Default
    - React-cxxreact (= 0.71.3)
    - React-jsc
    - React-jsi (= 0.71.3)
    - React-jsiexecutor (= 0.71.3)
    - React-perflogger (= 0.71.3)
    - SocketRocket (= 0.6.0)
    - Yoga
  - React-Core/RCTLinkingHeaders (0.71.3):
    - glog
    - RCT-Folly (= 2021.07.22.00)
    - React-Core/Default
    - React-cxxreact (= 0.71.3)
    - React-jsc
    - React-jsi (= 0.71.3)
    - React-jsiexecutor (= 0.71.3)
    - React-perflogger (= 0.71.3)
    - SocketRocket (= 0.6.0)
    - Yoga
  - React-Core/RCTNetworkHeaders (0.71.3):
    - glog
    - RCT-Folly (= 2021.07.22.00)
    - React-Core/Default
    - React-cxxreact (= 0.71.3)
    - React-jsc
    - React-jsi (= 0.71.3)
    - React-jsiexecutor (= 0.71.3)
    - React-perflogger (= 0.71.3)
    - SocketRocket (= 0.6.0)
    - Yoga
  - React-Core/RCTSettingsHeaders (0.71.3):
    - glog
    - RCT-Folly (= 2021.07.22.00)
    - React-Core/Default
    - React-cxxreact (= 0.71.3)
    - React-jsc
    - React-jsi (= 0.71.3)
    - React-jsiexecutor (= 0.71.3)
    - React-perflogger (= 0.71.3)
    - SocketRocket (= 0.6.0)
    - Yoga
  - React-Core/RCTTextHeaders (0.71.3):
    - glog
    - RCT-Folly (= 2021.07.22.00)
    - React-Core/Default
    - React-cxxreact (= 0.71.3)
    - React-jsc
    - React-jsi (= 0.71.3)
    - React-jsiexecutor (= 0.71.3)
    - React-perflogger (= 0.71.3)
    - SocketRocket (= 0.6.0)
    - Yoga
  - React-Core/RCTVibrationHeaders (0.71.3):
    - glog
    - RCT-Folly (= 2021.07.22.00)
    - React-Core/Default
    - React-cxxreact (= 0.71.3)
    - React-jsc
    - React-jsi (= 0.71.3)
    - React-jsiexecutor (= 0.71.3)
    - React-perflogger (= 0.71.3)
    - SocketRocket (= 0.6.0)
    - Yoga
  - React-Core/RCTWebSocket (0.71.3):
    - glog
    - RCT-Folly (= 2021.07.22.00)
    - React-Core/Default (= 0.71.3)
    - React-cxxreact (= 0.71.3)
    - React-jsc
    - React-jsi (= 0.71.3)
    - React-jsiexecutor (= 0.71.3)
    - React-perflogger (= 0.71.3)
    - SocketRocket (= 0.6.0)
    - Yoga
  - React-CoreModules (0.71.3):
    - RCT-Folly (= 2021.07.22.00)
    - RCTTypeSafety (= 0.71.3)
    - React-Codegen (= 0.71.3)
    - React-Core/CoreModulesHeaders (= 0.71.3)
    - React-jsi (= 0.71.3)
    - React-RCTBlob
    - React-RCTImage (= 0.71.3)
    - ReactCommon/turbomodule/core (= 0.71.3)
    - SocketRocket (= 0.6.0)
  - React-cxxreact (0.71.3):
    - boost (= 1.76.0)
    - DoubleConversion
    - glog
    - RCT-Folly (= 2021.07.22.00)
    - React-callinvoker (= 0.71.3)
    - React-jsi (= 0.71.3)
    - React-jsinspector (= 0.71.3)
    - React-logger (= 0.71.3)
    - React-perflogger (= 0.71.3)
    - React-runtimeexecutor (= 0.71.3)
  - React-jsc (0.71.3):
    - React-jsc/Fabric (= 0.71.3)
    - React-jsi (= 0.71.3)
  - React-jsc/Fabric (0.71.3):
    - React-jsi (= 0.71.3)
  - React-jsi (0.71.3):
    - boost (= 1.76.0)
    - DoubleConversion
    - glog
    - RCT-Folly (= 2021.07.22.00)
  - React-jsiexecutor (0.71.3):
    - DoubleConversion
    - glog
    - RCT-Folly (= 2021.07.22.00)
    - React-cxxreact (= 0.71.3)
    - React-jsi (= 0.71.3)
    - React-perflogger (= 0.71.3)
  - React-jsinspector (0.71.3)
  - React-logger (0.71.3):
    - glog
  - React-perflogger (0.71.3)
  - React-RCTActionSheet (0.71.3):
    - React-Core/RCTActionSheetHeaders (= 0.71.3)
  - React-RCTAnimation (0.71.3):
    - RCT-Folly (= 2021.07.22.00)
    - RCTTypeSafety (= 0.71.3)
    - React-Codegen (= 0.71.3)
    - React-Core/RCTAnimationHeaders (= 0.71.3)
    - React-jsi (= 0.71.3)
    - ReactCommon/turbomodule/core (= 0.71.3)
  - React-RCTAppDelegate (0.71.3):
    - RCT-Folly
    - RCTRequired
    - RCTTypeSafety
    - React-Core
    - ReactCommon/turbomodule/core
  - React-RCTBlob (0.71.3):
    - RCT-Folly (= 2021.07.22.00)
    - React-Codegen (= 0.71.3)
    - React-Core/RCTBlobHeaders (= 0.71.3)
    - React-Core/RCTWebSocket (= 0.71.3)
    - React-jsi (= 0.71.3)
    - React-RCTNetwork (= 0.71.3)
    - ReactCommon/turbomodule/core (= 0.71.3)
  - React-RCTImage (0.71.3):
    - RCT-Folly (= 2021.07.22.00)
    - RCTTypeSafety (= 0.71.3)
    - React-Codegen (= 0.71.3)
    - React-Core/RCTImageHeaders (= 0.71.3)
    - React-jsi (= 0.71.3)
    - React-RCTNetwork (= 0.71.3)
    - ReactCommon/turbomodule/core (= 0.71.3)
  - React-RCTLinking (0.71.3):
    - React-Codegen (= 0.71.3)
    - React-Core/RCTLinkingHeaders (= 0.71.3)
    - React-jsi (= 0.71.3)
    - ReactCommon/turbomodule/core (= 0.71.3)
  - React-RCTNetwork (0.71.3):
    - RCT-Folly (= 2021.07.22.00)
    - RCTTypeSafety (= 0.71.3)
    - React-Codegen (= 0.71.3)
    - React-Core/RCTNetworkHeaders (= 0.71.3)
    - React-jsi (= 0.71.3)
    - ReactCommon/turbomodule/core (= 0.71.3)
  - React-RCTSettings (0.71.3):
    - RCT-Folly (= 2021.07.22.00)
    - RCTTypeSafety (= 0.71.3)
    - React-Codegen (= 0.71.3)
    - React-Core/RCTSettingsHeaders (= 0.71.3)
    - React-jsi (= 0.71.3)
    - ReactCommon/turbomodule/core (= 0.71.3)
  - React-RCTText (0.71.3):
    - React-Core/RCTTextHeaders (= 0.71.3)
  - React-RCTVibration (0.71.3):
    - RCT-Folly (= 2021.07.22.00)
    - React-Codegen (= 0.71.3)
    - React-Core/RCTVibrationHeaders (= 0.71.3)
    - React-jsi (= 0.71.3)
    - ReactCommon/turbomodule/core (= 0.71.3)
  - React-runtimeexecutor (0.71.3):
    - React-jsi (= 0.71.3)
  - ReactCommon/turbomodule/bridging (0.71.3):
    - DoubleConversion
    - glog
    - RCT-Folly (= 2021.07.22.00)
    - React-callinvoker (= 0.71.3)
    - React-Core (= 0.71.3)
    - React-cxxreact (= 0.71.3)
    - React-jsi (= 0.71.3)
    - React-logger (= 0.71.3)
    - React-perflogger (= 0.71.3)
  - ReactCommon/turbomodule/core (0.71.3):
    - DoubleConversion
    - glog
    - RCT-Folly (= 2021.07.22.00)
    - React-callinvoker (= 0.71.3)
    - React-Core (= 0.71.3)
    - React-cxxreact (= 0.71.3)
    - React-jsi (= 0.71.3)
    - React-logger (= 0.71.3)
    - React-perflogger (= 0.71.3)
  - RNLocalize (3.0.0):
    - React-Core
  - SocketRocket (0.6.0)
  - Yoga (1.14.0)

DEPENDENCIES:
  - boost (from `../node_modules/react-native-macos/third-party-podspecs/boost.podspec`)
  - DoubleConversion (from `../node_modules/react-native-macos/third-party-podspecs/DoubleConversion.podspec`)
  - FBLazyVector (from `../node_modules/react-native-macos/Libraries/FBLazyVector`)
  - FBReactNativeSpec (from `../node_modules/react-native-macos/React/FBReactNativeSpec`)
  - glog (from `../node_modules/react-native-macos/third-party-podspecs/glog.podspec`)
  - RCT-Folly (from `../node_modules/react-native-macos/third-party-podspecs/RCT-Folly.podspec`)
  - RCTRequired (from `../node_modules/react-native-macos/Libraries/RCTRequired`)
  - RCTTypeSafety (from `../node_modules/react-native-macos/Libraries/TypeSafety`)
  - React (from `../node_modules/react-native-macos/`)
  - React-callinvoker (from `../node_modules/react-native-macos/ReactCommon/callinvoker`)
  - React-Codegen (from `build/generated/ios`)
  - React-Core (from `../node_modules/react-native-macos/`)
  - React-Core/RCTWebSocket (from `../node_modules/react-native-macos/`)
  - React-CoreModules (from `../node_modules/react-native-macos/React/CoreModules`)
  - React-cxxreact (from `../node_modules/react-native-macos/ReactCommon/cxxreact`)
  - React-jsc (from `../node_modules/react-native-macos/ReactCommon/jsc`)
  - React-jsi (from `../node_modules/react-native-macos/ReactCommon/jsi`)
  - React-jsiexecutor (from `../node_modules/react-native-macos/ReactCommon/jsiexecutor`)
  - React-jsinspector (from `../node_modules/react-native-macos/ReactCommon/jsinspector`)
  - React-logger (from `../node_modules/react-native-macos/ReactCommon/logger`)
  - React-perflogger (from `../node_modules/react-native-macos/ReactCommon/reactperflogger`)
  - React-RCTActionSheet (from `../node_modules/react-native-macos/Libraries/ActionSheetIOS`)
  - React-RCTAnimation (from `../node_modules/react-native-macos/Libraries/NativeAnimation`)
  - React-RCTAppDelegate (from `../node_modules/react-native-macos/Libraries/AppDelegate`)
  - React-RCTBlob (from `../node_modules/react-native-macos/Libraries/Blob`)
  - React-RCTImage (from `../node_modules/react-native-macos/Libraries/Image`)
  - React-RCTLinking (from `../node_modules/react-native-macos/Libraries/LinkingIOS`)
  - React-RCTNetwork (from `../node_modules/react-native-macos/Libraries/Network`)
  - React-RCTSettings (from `../node_modules/react-native-macos/Libraries/Settings`)
  - React-RCTText (from `../node_modules/react-native-macos/Libraries/Text`)
  - React-RCTVibration (from `../node_modules/react-native-macos/Libraries/Vibration`)
  - React-runtimeexecutor (from `../node_modules/react-native-macos/ReactCommon/runtimeexecutor`)
  - ReactCommon/turbomodule/core (from `../node_modules/react-native-macos/ReactCommon`)
  - RNLocalize (from `../node_modules/react-native-localize`)
  - Yoga (from `../node_modules/react-native-macos/ReactCommon/yoga`)

SPEC REPOS:
  trunk:
    - fmt
    - SocketRocket

EXTERNAL SOURCES:
  boost:
    :podspec: "../node_modules/react-native-macos/third-party-podspecs/boost.podspec"
  DoubleConversion:
    :podspec: "../node_modules/react-native-macos/third-party-podspecs/DoubleConversion.podspec"
  FBLazyVector:
    :path: "../node_modules/react-native-macos/Libraries/FBLazyVector"
  FBReactNativeSpec:
    :path: "../node_modules/react-native-macos/React/FBReactNativeSpec"
  glog:
    :podspec: "../node_modules/react-native-macos/third-party-podspecs/glog.podspec"
  RCT-Folly:
    :podspec: "../node_modules/react-native-macos/third-party-podspecs/RCT-Folly.podspec"
  RCTRequired:
    :path: "../node_modules/react-native-macos/Libraries/RCTRequired"
  RCTTypeSafety:
    :path: "../node_modules/react-native-macos/Libraries/TypeSafety"
  React:
    :path: "../node_modules/react-native-macos/"
  React-callinvoker:
    :path: "../node_modules/react-native-macos/ReactCommon/callinvoker"
  React-Codegen:
    :path: build/generated/ios
  React-Core:
    :path: "../node_modules/react-native-macos/"
  React-CoreModules:
    :path: "../node_modules/react-native-macos/React/CoreModules"
  React-cxxreact:
    :path: "../node_modules/react-native-macos/ReactCommon/cxxreact"
  React-jsc:
    :path: "../node_modules/react-native-macos/ReactCommon/jsc"
  React-jsi:
    :path: "../node_modules/react-native-macos/ReactCommon/jsi"
  React-jsiexecutor:
    :path: "../node_modules/react-native-macos/ReactCommon/jsiexecutor"
  React-jsinspector:
    :path: "../node_modules/react-native-macos/ReactCommon/jsinspector"
  React-logger:
    :path: "../node_modules/react-native-macos/ReactCommon/logger"
  React-perflogger:
    :path: "../node_modules/react-native-macos/ReactCommon/reactperflogger"
  React-RCTActionSheet:
    :path: "../node_modules/react-native-macos/Libraries/ActionSheetIOS"
  React-RCTAnimation:
    :path: "../node_modules/react-native-macos/Libraries/NativeAnimation"
  React-RCTAppDelegate:
    :path: "../node_modules/react-native-macos/Libraries/AppDelegate"
  React-RCTBlob:
    :path: "../node_modules/react-native-macos/Libraries/Blob"
  React-RCTImage:
    :path: "../node_modules/react-native-macos/Libraries/Image"
  React-RCTLinking:
    :path: "../node_modules/react-native-macos/Libraries/LinkingIOS"
  React-RCTNetwork:
    :path: "../node_modules/react-native-macos/Libraries/Network"
  React-RCTSettings:
    :path: "../node_modules/react-native-macos/Libraries/Settings"
  React-RCTText:
    :path: "../node_modules/react-native-macos/Libraries/Text"
  React-RCTVibration:
    :path: "../node_modules/react-native-macos/Libraries/Vibration"
  React-runtimeexecutor:
    :path: "../node_modules/react-native-macos/ReactCommon/runtimeexecutor"
  ReactCommon:
    :path: "../node_modules/react-native-macos/ReactCommon"
  RNLocalize:
    :path: "../node_modules/react-native-localize"
  Yoga:
    :path: "../node_modules/react-native-macos/ReactCommon/yoga"

SPEC CHECKSUMS:
  boost: 8fa3cd00fa17ef6c3221e5fd283fa93e81d23017
  DoubleConversion: acaf5db79676d2e9119015819153f0f99191de12
  FBLazyVector: 05d9a7981347c4189954a804baac27802e26c471
  FBReactNativeSpec: c1e7b63d5291b696f4791dd96c177f33cf6739d3
  fmt: ff9d55029c625d3757ed641535fd4a75fedc7ce9
  glog: 6df0a3d6e2750a50609471fd1a01fd2948d405b5
  RCT-Folly: bf7b4921a91932051ebf1c5c2d297154b1fa3c8c
  RCTRequired: da17f3b162519b8cb3139809bf848a46f8407476
  RCTTypeSafety: 5c7f30c1aa4e9e1b8d9396943cb82fd54a322b37
  React: 1559a0f837ae3656d8bcf754824e4941e8f9dfbd
  React-callinvoker: 9a39af8566b69eede7eba5f094aa828bbc76ea27
  React-Codegen: 0eaafbc97047184e4dc41854e3e5feb2dd2d9d61
  React-Core: 79dc3a5b20b97c5a51376e7bf492aad69d193abc
  React-CoreModules: 32a40ab2da41d34ab058f3745bd7ac0eec560d70
  React-cxxreact: 2832103dd16c12949cb8f01cc3f29c5cc4f88ff0
  React-jsc: 35014866aca85e6c47658cd2e58b6299f364d722
  React-jsi: a7375a46609eb1822eb18aea1c11f7d7c82468f3
  React-jsiexecutor: e54724a8d94e700055a4981a4262de119e8d3218
  React-jsinspector: 7876c9d520547a846bbbdc99444d6990af387241
  React-logger: 24e797150a0448c50c644f8286605bf043f3ddca
  React-perflogger: 6b084a225f3db8e7ca636be3c8e644ceab348779
  React-RCTActionSheet: 95c11ecfec4da77c9b9fc2a0497eefcb07f2db11
  React-RCTAnimation: 18647099623b35a829c558acd255d5e5fe69cfcc
  React-RCTAppDelegate: a0d6ca7f5ee26c09f66f3a16a90627938c3ff212
  React-RCTBlob: 1a5ac40df3f9fed8cac29c4d617af86c012c4ee6
  React-RCTImage: fe7bd7834923fa76826b869a612b9356c79855be
  React-RCTLinking: 35a7b3ec16f32f92da63dc9bdf73585e679e741d
  React-RCTNetwork: 44f5d79e934f517ebe938b75f85456ba3ad2d83b
  React-RCTSettings: 0442a6920359dddd5e909a33fce096e0d97663c9
  React-RCTText: cff79b48b53d2b278c04570433106cd15adc022d
  React-RCTVibration: a57e4bd684c7bcbb78742b05f51228e95ac60787
  React-runtimeexecutor: d9c7469d84dc33f32f041ff583c3b24652bb8101
  ReactCommon: adaaae172fa867c3e896964c1a35d0b2696588a9
  RNLocalize: 5944c97d2fe8150913a51ddd5eab4e23a82bd80d
  SocketRocket: fccef3f9c5cedea1353a9ef6ada904fde10d6608
  Yoga: ad2c958f77c9ec5e1005525c1a08e54619f64b40

PODFILE CHECKSUM: 3364493fad4a77f08a4eb924f0599819d5b064f8

COCOAPODS: 1.12.1
