PODS:
  - boost (1.76.0)
  - boost-for-react-native (1.63.0)
  - DoubleConversion (1.1.6)
  - FBLazyVector (0.66.37)
  - FBReactNativeSpec (0.66.37):
    - RCT-Folly (= 2021.06.28.00-v2)
    - RCTRequired (= 0.66.37)
    - RCTTypeSafety (= 0.66.37)
    - React-Core (= 0.66.37)
    - React-jsi (= 0.66.37)
    - ReactCommon/turbomodule/core (= 0.66.37)
  - fmt (6.2.1)
  - glog (0.3.5)
  - RCT-Folly (2021.06.28.00-v2):
    - boost
    - DoubleConversion
    - fmt (~> 6.2.1)
    - glog
    - RCT-Folly/Default (= 2021.06.28.00-v2)
  - RCT-Folly/Default (2021.06.28.00-v2):
    - boost
    - DoubleConversion
    - fmt (~> 6.2.1)
    - glog
  - RCTRequired (0.66.37)
  - RCTTypeSafety (0.66.37):
    - FBLazyVector (= 0.66.37)
    - RCT-Folly (= 2021.06.28.00-v2)
    - RCTRequired (= 0.66.37)
    - React-Core (= 0.66.37)
  - React (0.66.37):
    - React-Core (= 0.66.37)
    - React-Core/DevSupport (= 0.66.37)
    - React-Core/RCTWebSocket (= 0.66.37)
    - React-RCTActionSheet (= 0.66.37)
    - React-RCTAnimation (= 0.66.37)
    - React-RCTBlob (= 0.66.37)
    - React-RCTImage (= 0.66.37)
    - React-RCTLinking (= 0.66.37)
    - React-RCTNetwork (= 0.66.37)
    - React-RCTSettings (= 0.66.37)
    - React-RCTText (= 0.66.37)
    - React-RCTVibration (= 0.66.37)
  - React-callinvoker (0.66.37)
  - React-Core (0.66.37):
    - glog
    - RCT-Folly (= 2021.06.28.00-v2)
    - React-Core/Default (= 0.66.37)
    - React-cxxreact (= 0.66.37)
    - React-jsi (= 0.66.37)
    - React-jsiexecutor (= 0.66.37)
    - React-perflogger (= 0.66.37)
    - Yoga
  - React-Core/CoreModulesHeaders (0.66.37):
    - glog
    - RCT-Folly (= 2021.06.28.00-v2)
    - React-Core/Default
    - React-cxxreact (= 0.66.37)
    - React-jsi (= 0.66.37)
    - React-jsiexecutor (= 0.66.37)
    - React-perflogger (= 0.66.37)
    - Yoga
  - React-Core/Default (0.66.37):
    - glog
    - RCT-Folly (= 2021.06.28.00-v2)
    - React-cxxreact (= 0.66.37)
    - React-jsi (= 0.66.37)
    - React-jsiexecutor (= 0.66.37)
    - React-perflogger (= 0.66.37)
    - Yoga
  - React-Core/DevSupport (0.66.37):
    - glog
    - RCT-Folly (= 2021.06.28.00-v2)
    - React-Core/Default (= 0.66.37)
    - React-Core/RCTWebSocket (= 0.66.37)
    - React-cxxreact (= 0.66.37)
    - React-jsi (= 0.66.37)
    - React-jsiexecutor (= 0.66.37)
    - React-jsinspector (= 0.66.37)
    - React-perflogger (= 0.66.37)
    - Yoga
  - React-Core/RCTActionSheetHeaders (0.66.37):
    - glog
    - RCT-Folly (= 2021.06.28.00-v2)
    - React-Core/Default
    - React-cxxreact (= 0.66.37)
    - React-jsi (= 0.66.37)
    - React-jsiexecutor (= 0.66.37)
    - React-perflogger (= 0.66.37)
    - Yoga
  - React-Core/RCTAnimationHeaders (0.66.37):
    - glog
    - RCT-Folly (= 2021.06.28.00-v2)
    - React-Core/Default
    - React-cxxreact (= 0.66.37)
    - React-jsi (= 0.66.37)
    - React-jsiexecutor (= 0.66.37)
    - React-perflogger (= 0.66.37)
    - Yoga
  - React-Core/RCTBlobHeaders (0.66.37):
    - glog
    - RCT-Folly (= 2021.06.28.00-v2)
    - React-Core/Default
    - React-cxxreact (= 0.66.37)
    - React-jsi (= 0.66.37)
    - React-jsiexecutor (= 0.66.37)
    - React-perflogger (= 0.66.37)
    - Yoga
  - React-Core/RCTImageHeaders (0.66.37):
    - glog
    - RCT-Folly (= 2021.06.28.00-v2)
    - React-Core/Default
    - React-cxxreact (= 0.66.37)
    - React-jsi (= 0.66.37)
    - React-jsiexecutor (= 0.66.37)
    - React-perflogger (= 0.66.37)
    - Yoga
  - React-Core/RCTLinkingHeaders (0.66.37):
    - glog
    - RCT-Folly (= 2021.06.28.00-v2)
    - React-Core/Default
    - React-cxxreact (= 0.66.37)
    - React-jsi (= 0.66.37)
    - React-jsiexecutor (= 0.66.37)
    - React-perflogger (= 0.66.37)
    - Yoga
  - React-Core/RCTNetworkHeaders (0.66.37):
    - glog
    - RCT-Folly (= 2021.06.28.00-v2)
    - React-Core/Default
    - React-cxxreact (= 0.66.37)
    - React-jsi (= 0.66.37)
    - React-jsiexecutor (= 0.66.37)
    - React-perflogger (= 0.66.37)
    - Yoga
  - React-Core/RCTSettingsHeaders (0.66.37):
    - glog
    - RCT-Folly (= 2021.06.28.00-v2)
    - React-Core/Default
    - React-cxxreact (= 0.66.37)
    - React-jsi (= 0.66.37)
    - React-jsiexecutor (= 0.66.37)
    - React-perflogger (= 0.66.37)
    - Yoga
  - React-Core/RCTTextHeaders (0.66.37):
    - glog
    - RCT-Folly (= 2021.06.28.00-v2)
    - React-Core/Default
    - React-cxxreact (= 0.66.37)
    - React-jsi (= 0.66.37)
    - React-jsiexecutor (= 0.66.37)
    - React-perflogger (= 0.66.37)
    - Yoga
  - React-Core/RCTVibrationHeaders (0.66.37):
    - glog
    - RCT-Folly (= 2021.06.28.00-v2)
    - React-Core/Default
    - React-cxxreact (= 0.66.37)
    - React-jsi (= 0.66.37)
    - React-jsiexecutor (= 0.66.37)
    - React-perflogger (= 0.66.37)
    - Yoga
  - React-Core/RCTWebSocket (0.66.37):
    - glog
    - RCT-Folly (= 2021.06.28.00-v2)
    - React-Core/Default (= 0.66.37)
    - React-cxxreact (= 0.66.37)
    - React-jsi (= 0.66.37)
    - React-jsiexecutor (= 0.66.37)
    - React-perflogger (= 0.66.37)
    - Yoga
  - React-CoreModules (0.66.37):
    - FBReactNativeSpec (= 0.66.37)
    - RCT-Folly (= 2021.06.28.00-v2)
    - RCTTypeSafety (= 0.66.37)
    - React-Core/CoreModulesHeaders (= 0.66.37)
    - React-jsi (= 0.66.37)
    - React-RCTImage (= 0.66.37)
    - ReactCommon/turbomodule/core (= 0.66.37)
  - React-cxxreact (0.66.37):
    - boost (= 1.76.0)
    - DoubleConversion
    - glog
    - RCT-Folly (= 2021.06.28.00-v2)
    - React-callinvoker (= 0.66.37)
    - React-jsi (= 0.66.37)
    - React-jsinspector (= 0.66.37)
    - React-logger (= 0.66.37)
    - React-perflogger (= 0.66.37)
    - React-runtimeexecutor (= 0.66.37)
  - React-jsi (0.66.37):
    - boost (= 1.76.0)
    - DoubleConversion
    - glog
    - RCT-Folly (= 2021.06.28.00-v2)
    - React-jsi/Default (= 0.66.37)
  - React-jsi/Default (0.66.37):
    - boost (= 1.76.0)
    - DoubleConversion
    - glog
    - RCT-Folly (= 2021.06.28.00-v2)
  - React-jsiexecutor (0.66.37):
    - DoubleConversion
    - glog
    - RCT-Folly (= 2021.06.28.00-v2)
    - React-cxxreact (= 0.66.37)
    - React-jsi (= 0.66.37)
    - React-perflogger (= 0.66.37)
  - React-jsinspector (0.66.37)
  - React-logger (0.66.37):
    - glog
  - React-perflogger (0.66.37)
  - React-RCTActionSheet (0.66.37):
    - React-Core/RCTActionSheetHeaders (= 0.66.37)
  - React-RCTAnimation (0.66.37):
    - FBReactNativeSpec (= 0.66.37)
    - RCT-Folly (= 2021.06.28.00-v2)
    - RCTTypeSafety (= 0.66.37)
    - React-Core/RCTAnimationHeaders (= 0.66.37)
    - React-jsi (= 0.66.37)
    - ReactCommon/turbomodule/core (= 0.66.37)
  - React-RCTBlob (0.66.37):
    - FBReactNativeSpec (= 0.66.37)
    - RCT-Folly (= 2021.06.28.00-v2)
    - React-Core/RCTBlobHeaders (= 0.66.37)
    - React-Core/RCTWebSocket (= 0.66.37)
    - React-jsi (= 0.66.37)
    - React-RCTNetwork (= 0.66.37)
    - ReactCommon/turbomodule/core (= 0.66.37)
  - React-RCTImage (0.66.37):
    - FBReactNativeSpec (= 0.66.37)
    - RCT-Folly (= 2021.06.28.00-v2)
    - RCTTypeSafety (= 0.66.37)
    - React-Core/RCTImageHeaders (= 0.66.37)
    - React-jsi (= 0.66.37)
    - React-RCTNetwork (= 0.66.37)
    - ReactCommon/turbomodule/core (= 0.66.37)
  - React-RCTLinking (0.66.37):
    - FBReactNativeSpec (= 0.66.37)
    - React-Core/RCTLinkingHeaders (= 0.66.37)
    - React-jsi (= 0.66.37)
    - ReactCommon/turbomodule/core (= 0.66.37)
  - React-RCTNetwork (0.66.37):
    - FBReactNativeSpec (= 0.66.37)
    - RCT-Folly (= 2021.06.28.00-v2)
    - RCTTypeSafety (= 0.66.37)
    - React-Core/RCTNetworkHeaders (= 0.66.37)
    - React-jsi (= 0.66.37)
    - ReactCommon/turbomodule/core (= 0.66.37)
  - React-RCTSettings (0.66.37):
    - FBReactNativeSpec (= 0.66.37)
    - RCT-Folly (= 2021.06.28.00-v2)
    - RCTTypeSafety (= 0.66.37)
    - React-Core/RCTSettingsHeaders (= 0.66.37)
    - React-jsi (= 0.66.37)
    - ReactCommon/turbomodule/core (= 0.66.37)
  - React-RCTText (0.66.37):
    - React-Core/RCTTextHeaders (= 0.66.37)
  - React-RCTVibration (0.66.37):
    - FBReactNativeSpec (= 0.66.37)
    - RCT-Folly (= 2021.06.28.00-v2)
    - React-Core/RCTVibrationHeaders (= 0.66.37)
    - React-jsi (= 0.66.37)
    - ReactCommon/turbomodule/core (= 0.66.37)
  - React-runtimeexecutor (0.66.37):
    - React-jsi (= 0.66.37)
  - ReactCommon/turbomodule/core (0.66.37):
    - DoubleConversion
    - glog
    - RCT-Folly (= 2021.06.28.00-v2)
    - React-callinvoker (= 0.66.37)
    - React-Core (= 0.66.37)
    - React-cxxreact (= 0.66.37)
    - React-jsi (= 0.66.37)
    - React-logger (= 0.66.37)
    - React-perflogger (= 0.66.37)
  - RNFS (2.19.0):
    - React-Core
  - RNLocalize (2.2.2):
    - React-Core
  - Yoga (1.14.0)

DEPENDENCIES:
  - boost (from `../node_modules/react-native-macos/third-party-podspecs/boost.podspec`)
  - boost-for-react-native (from `../node_modules/react-native-macos/third-party-podspecs/boost-for-react-native.podspec`)
  - DoubleConversion (from `../node_modules/react-native-macos/third-party-podspecs/DoubleConversion.podspec`)
  - FBLazyVector (from `../node_modules/react-native-macos/Libraries/FBLazyVector`)
  - FBReactNativeSpec (from `../node_modules/react-native-macos/React/FBReactNativeSpec`)
  - glog (from `../node_modules/react-native-macos/third-party-podspecs/glog.podspec`)
  - RCT-Folly (from `../node_modules/react-native-macos/third-party-podspecs/RCT-Folly.podspec`)
  - RCTRequired (from `../node_modules/react-native-macos/Libraries/RCTRequired`)
  - RCTTypeSafety (from `../node_modules/react-native-macos/Libraries/TypeSafety`)
  - React (from `../node_modules/react-native-macos/`)
  - React-callinvoker (from `../node_modules/react-native-macos/ReactCommon/callinvoker`)
  - React-Core (from `../node_modules/react-native-macos/`)
  - React-Core/DevSupport (from `../node_modules/react-native-macos/`)
  - React-Core/RCTWebSocket (from `../node_modules/react-native-macos/`)
  - React-CoreModules (from `../node_modules/react-native-macos/React/CoreModules`)
  - React-cxxreact (from `../node_modules/react-native-macos/ReactCommon/cxxreact`)
  - React-jsi (from `../node_modules/react-native-macos/ReactCommon/jsi`)
  - React-jsiexecutor (from `../node_modules/react-native-macos/ReactCommon/jsiexecutor`)
  - React-jsinspector (from `../node_modules/react-native-macos/ReactCommon/jsinspector`)
  - React-logger (from `../node_modules/react-native-macos/ReactCommon/logger`)
  - React-perflogger (from `../node_modules/react-native-macos/ReactCommon/reactperflogger`)
  - React-RCTActionSheet (from `../node_modules/react-native-macos/Libraries/ActionSheetIOS`)
  - React-RCTAnimation (from `../node_modules/react-native-macos/Libraries/NativeAnimation`)
  - React-RCTBlob (from `../node_modules/react-native-macos/Libraries/Blob`)
  - React-RCTImage (from `../node_modules/react-native-macos/Libraries/Image`)
  - React-RCTLinking (from `../node_modules/react-native-macos/Libraries/LinkingIOS`)
  - React-RCTNetwork (from `../node_modules/react-native-macos/Libraries/Network`)
  - React-RCTSettings (from `../node_modules/react-native-macos/Libraries/Settings`)
  - React-RCTText (from `../node_modules/react-native-macos/Libraries/Text`)
  - React-RCTVibration (from `../node_modules/react-native-macos/Libraries/Vibration`)
  - React-runtimeexecutor (from `../node_modules/react-native-macos/ReactCommon/runtimeexecutor`)
  - ReactCommon/turbomodule/core (from `../node_modules/react-native-macos/ReactCommon`)
  - RNFS (from `../node_modules/react-native-fs`)
  - RNLocalize (from `../node_modules/react-native-localize`)
  - Yoga (from `../node_modules/react-native-macos/ReactCommon/yoga`)

SPEC REPOS:
  trunk:
    - fmt

EXTERNAL SOURCES:
  boost:
    :podspec: "../node_modules/react-native-macos/third-party-podspecs/boost.podspec"
  boost-for-react-native:
    :podspec: "../node_modules/react-native-macos/third-party-podspecs/boost-for-react-native.podspec"
  DoubleConversion:
    :podspec: "../node_modules/react-native-macos/third-party-podspecs/DoubleConversion.podspec"
  FBLazyVector:
    :path: "../node_modules/react-native-macos/Libraries/FBLazyVector"
  FBReactNativeSpec:
    :path: "../node_modules/react-native-macos/React/FBReactNativeSpec"
  glog:
    :podspec: "../node_modules/react-native-macos/third-party-podspecs/glog.podspec"
  RCT-Folly:
    :podspec: "../node_modules/react-native-macos/third-party-podspecs/RCT-Folly.podspec"
  RCTRequired:
    :path: "../node_modules/react-native-macos/Libraries/RCTRequired"
  RCTTypeSafety:
    :path: "../node_modules/react-native-macos/Libraries/TypeSafety"
  React:
    :path: "../node_modules/react-native-macos/"
  React-callinvoker:
    :path: "../node_modules/react-native-macos/ReactCommon/callinvoker"
  React-Core:
    :path: "../node_modules/react-native-macos/"
  React-CoreModules:
    :path: "../node_modules/react-native-macos/React/CoreModules"
  React-cxxreact:
    :path: "../node_modules/react-native-macos/ReactCommon/cxxreact"
  React-jsi:
    :path: "../node_modules/react-native-macos/ReactCommon/jsi"
  React-jsiexecutor:
    :path: "../node_modules/react-native-macos/ReactCommon/jsiexecutor"
  React-jsinspector:
    :path: "../node_modules/react-native-macos/ReactCommon/jsinspector"
  React-logger:
    :path: "../node_modules/react-native-macos/ReactCommon/logger"
  React-perflogger:
    :path: "../node_modules/react-native-macos/ReactCommon/reactperflogger"
  React-RCTActionSheet:
    :path: "../node_modules/react-native-macos/Libraries/ActionSheetIOS"
  React-RCTAnimation:
    :path: "../node_modules/react-native-macos/Libraries/NativeAnimation"
  React-RCTBlob:
    :path: "../node_modules/react-native-macos/Libraries/Blob"
  React-RCTImage:
    :path: "../node_modules/react-native-macos/Libraries/Image"
  React-RCTLinking:
    :path: "../node_modules/react-native-macos/Libraries/LinkingIOS"
  React-RCTNetwork:
    :path: "../node_modules/react-native-macos/Libraries/Network"
  React-RCTSettings:
    :path: "../node_modules/react-native-macos/Libraries/Settings"
  React-RCTText:
    :path: "../node_modules/react-native-macos/Libraries/Text"
  React-RCTVibration:
    :path: "../node_modules/react-native-macos/Libraries/Vibration"
  React-runtimeexecutor:
    :path: "../node_modules/react-native-macos/ReactCommon/runtimeexecutor"
  ReactCommon:
    :path: "../node_modules/react-native-macos/ReactCommon"
  RNFS:
    :path: "../node_modules/react-native-fs"
  RNLocalize:
    :path: "../node_modules/react-native-localize"
  Yoga:
    :path: "../node_modules/react-native-macos/ReactCommon/yoga"

SPEC CHECKSUMS:
  boost: 613e39eac4239cc72b15421247b5ab05361266a2
  boost-for-react-native: 8f7c9ecfe357664c072ffbe2432569667cbf1f1b
  DoubleConversion: ed15e075aa758ac0e4c1f8b830bd4e4d40d669e8
  FBLazyVector: 3543ed8e068a428903550fd329a332a342c19b89
  FBReactNativeSpec: f6c4c2086174055a7340dda2437af732b01e1dc2
  fmt: ff9d55029c625d3757ed641535fd4a75fedc7ce9
  glog: 42c4bf47024808486e90b25ea9e5ac3959047641
  RCT-Folly: 43adc9ce880eb76792f88c011773cb5c664c1419
  RCTRequired: 03844b773d47ec1ea1ab54efc6a5e30c52d12864
  RCTTypeSafety: 3cc9bd694b9d4d561b6dcb6eb1d6d1bedc072674
  React: e62305c60adf94c0c2d6c690dcac3def834eb537
  React-callinvoker: bda35eff7a98ae706ca6d013818c5bd007dab306
  React-Core: 38ca5209f6126538eb2f18416779cfb2ceb759e4
  React-CoreModules: 4570b11282eac00a071aa28fac8a75d0ea750c21
  React-cxxreact: 694c7931c18d12ddaebc41eb417e8fba0616618a
  React-jsi: 0f082d06cad0797c8ce5178809d9c60ed64f5715
  React-jsiexecutor: 876dd0c9e422db16c4ebef5e5a11fd4837c43d29
  React-jsinspector: 2b6ca7d8c93dca8c7f425bbb9f463e473f111172
  React-logger: 6c5885fadfa7e164f95d4e98ddf3766a1514a09e
  React-perflogger: 17179342e038733483dfd4ea25cf4d0e7c16a63f
  React-RCTActionSheet: 3b7e33a55d437cb438b2f9f9221156512009b07c
  React-RCTAnimation: d0605dbc336a63b28d310b5bbba98053266a76ea
  React-RCTBlob: 0fe104527c3618705f6c229ccba718554057e959
  React-RCTImage: eb513657938f62ac391a1f672ab2563e6af4807b
  React-RCTLinking: a39131b196c206fa6bb3af96d3e75c34f627957c
  React-RCTNetwork: 524473be07b7931a46d7bede1c651ae88c820740
  React-RCTSettings: f1b4e2236295666c0ad4f361ff94fd14a6de033b
  React-RCTText: 3e9ad25560365fd924dd14e2209436b31d8c6ec1
  React-RCTVibration: 0a2648481106e0e6222dcd8c2106ab7950a8eb45
  React-runtimeexecutor: c2b844acb59c511ce82c97036895885f33f60ce7
  ReactCommon: 8f78ee21e7443af64f8844f9185042d71cdcc0dd
  RNFS: fc610f78fdf8bfc89a9e5cc2f898519f4dba1002
  RNLocalize: 95a43f85e41a966be7bc9cff2437128911c52da0
  Yoga: 8a5acbc40c7892dedf8625cc641ce4c2bcf846d0

PODFILE CHECKSUM: db7a98e1badc1ad05bbcba8fa1f7dbe007919541

COCOAPODS: 1.11.3
